
Microsoft Visual Studio Solution File, Format Version 12.00
# Visual Studio Version 17
VisualStudioVersion = 17.0.31903.59
MinimumVisualStudioVersion = 10.0.40219.1
Project("{2150E333-8FDC-42A3-9474-1A3956D46DE8}") = "src", "src", "{2CD4B981-8CB9-42F1-B365-6810E6D2BDEB}"
EndProject
Project("{FAE04EC0-301F-11D3-BF4B-00C04F79EFBC}") = "Api", "src\Api\Api.csproj", "{04FA3960-CDD5-4DB2-8703-1E2C2C32C038}"
EndProject
Project("{FAE04EC0-301F-11D3-BF4B-00C04F79EFBC}") = "Tests", "src\Tests\Tests.csproj", "{B53E2D3C-E453-472E-B6EA-AA40F217ECF1}"
EndProject
Global
	GlobalSection(SolutionConfigurationPlatforms) = preSolution
		Debug|Any CPU = Debug|Any CPU
		Release|Any CPU = Release|Any CPU
	EndGlobalSection
	GlobalSection(SolutionProperties) = preSolution
		HideSolutionNode = FALSE
	EndGlobalSection
	GlobalSection(ProjectConfigurationPlatforms) = postSolution
		{04FA3960-CDD5-4DB2-8703-1E2C2C32C038}.Debug|Any CPU.ActiveCfg = Debug|Any CPU
		{04FA3960-CDD5-4DB2-8703-1E2C2C32C038}.Debug|Any CPU.Build.0 = Debug|Any CPU
		{04FA3960-CDD5-4DB2-8703-1E2C2C32C038}.Release|Any CPU.ActiveCfg = Release|Any CPU
		{04FA3960-CDD5-4DB2-8703-1E2C2C32C038}.Release|Any CPU.Build.0 = Release|Any CPU
		{B53E2D3C-E453-472E-B6EA-AA40F217ECF1}.Debug|Any CPU.ActiveCfg = Debug|Any CPU
		{B53E2D3C-E453-472E-B6EA-AA40F217ECF1}.Debug|Any CPU.Build.0 = Debug|Any CPU
		{B53E2D3C-E453-472E-B6EA-AA40F217ECF1}.Release|Any CPU.ActiveCfg = Release|Any CPU
		{B53E2D3C-E453-472E-B6EA-AA40F217ECF1}.Release|Any CPU.Build.0 = Release|Any CPU
	EndGlobalSection
	GlobalSection(NestedProjects) = preSolution
		{04FA3960-CDD5-4DB2-8703-1E2C2C32C038} = {2CD4B981-8CB9-42F1-B365-6810E6D2BDEB}
		{B53E2D3C-E453-472E-B6EA-AA40F217ECF1} = {2CD4B981-8CB9-42F1-B365-6810E6D2BDEB}
	EndGlobalSection
EndGlobal
